
Microsoft Visual Studio Solution File, Format Version 12.00
# Visual Studio 15
VisualStudioVersion = 15.0.26730.16
MinimumVisualStudioVersion = 10.0.40219.1
Project("{FAE04EC0-301F-11D3-BF4B-00C04F79EFBC}") = "ProductWebForm", "ProductWebForm\ProductWebForm.csproj", "{558B7ACA-2EE2-40C8-84D4-B76AE464C30D}"
EndProject
Global
	GlobalSection(SolutionConfigurationPlatforms) = preSolution
		Debug|Any CPU = Debug|Any CPU
		Release|Any CPU = Release|Any CPU
	EndGlobalSection
	GlobalSection(ProjectConfigurationPlatforms) = postSolution
		{558B7ACA-2EE2-40C8-84D4-B76AE464C30D}.Debug|Any CPU.ActiveCfg = Debug|Any CPU
		{558B7ACA-2EE2-40C8-84D4-B76AE464C30D}.Debug|Any CPU.Build.0 = Debug|Any CPU
		{558B7ACA-2EE2-40C8-84D4-B76AE464C30D}.Release|Any CPU.ActiveCfg = Release|Any CPU
		{558B7ACA-2EE2-40C8-84D4-B76AE464C30D}.Release|Any CPU.Build.0 = Release|Any CPU
	EndGlobalSection
	GlobalSection(SolutionProperties) = preSolution
		HideSolutionNode = FALSE
	EndGlobalSection
	GlobalSection(ExtensibilityGlobals) = postSolution
		SolutionGuid = {EFA9160F-F28C-413D-A835-DC20DD2586C7}
	EndGlobalSection
EndGlobal
