
Microsoft Visual Studio Solution File, Format Version 12.00
# Visual Studio 15
VisualStudioVersion = 15.0.26730.16
MinimumVisualStudioVersion = 10.0.40219.1
Project("{FAE04EC0-301F-11D3-BF4B-00C04F79EFBC}") = "imageim", "imageim\imageim.csproj", "{167271DF-C38C-4B65-9691-6413D55120C8}"
EndProject
Global
	GlobalSection(SolutionConfigurationPlatforms) = preSolution
		Debug|Any CPU = Debug|Any CPU
		Release|Any CPU = Release|Any CPU
	EndGlobalSection
	GlobalSection(ProjectConfigurationPlatforms) = postSolution
		{167271DF-C38C-4B65-9691-6413D55120C8}.Debug|Any CPU.ActiveCfg = Debug|Any CPU
		{167271DF-C38C-4B65-9691-6413D55120C8}.Debug|Any CPU.Build.0 = Debug|Any CPU
		{167271DF-C38C-4B65-9691-6413D55120C8}.Release|Any CPU.ActiveCfg = Release|Any CPU
		{167271DF-C38C-4B65-9691-6413D55120C8}.Release|Any CPU.Build.0 = Release|Any CPU
	EndGlobalSection
	GlobalSection(SolutionProperties) = preSolution
		HideSolutionNode = FALSE
	EndGlobalSection
	GlobalSection(ExtensibilityGlobals) = postSolution
		SolutionGuid = {F1390E3F-C1C7-46CE-8961-838B5989F797}
	EndGlobalSection
EndGlobal
